
Microsoft Visual Studio Solution File, Format Version 12.00
# Visual Studio Version 17
VisualStudioVersion = 17.14.36915.13
MinimumVisualStudioVersion = 10.0.40219.1
Project("{FAE04EC0-301F-11D3-BF4B-00C04F79EFBC}") = "BLL", "BLL\BLL.csproj", "{650C4E63-6256-481D-934D-0019F3B3F331}"
EndProject
Project("{FAE04EC0-301F-11D3-BF4B-00C04F79EFBC}") = "DAL", "DAL\DAL.csproj", "{96F4EC1D-4652-4989-870D-B2F494DBC7B6}"
EndProject
Project("{FAE04EC0-301F-11D3-BF4B-00C04F79EFBC}") = "Entities", "Entities\Entities.csproj", "{8CDA8642-11BF-47CF-A88B-71626B5000BF}"
EndProject
Project("{FAE04EC0-301F-11D3-BF4B-00C04F79EFBC}") = "NorthwindTradersV6EF", "NorthwindTradersV6EF\NorthwindTradersV6EF.csproj", "{E5EBFEB4-2FDD-4FC3-89E0-F826C64DCAF6}"
EndProject
Project("{FAE04EC0-301F-11D3-BF4B-00C04F79EFBC}") = "ScriptNorthwind2SqlServer", "ScriptNorthwind2SqlServer\ScriptNorthwind2SqlServer.csproj", "{A49E7AD8-57F2-427A-A8CF-C24EAB50D5FD}"
EndProject
Project("{FAE04EC0-301F-11D3-BF4B-00C04F79EFBC}") = "Utilities", "Utilities\Utilities.csproj", "{FA850F4F-0723-4E47-9A32-936437CF3BC9}"
EndProject
Project("{FAE04EC0-301F-11D3-BF4B-00C04F79EFBC}") = "DAL.EF", "DAL.EF\DAL.EF.csproj", "{6EA35351-2A27-492C-9EB6-8BCBBA32668C}"
EndProject
Project("{FAE04EC0-301F-11D3-BF4B-00C04F79EFBC}") = "BLL.EF", "BLL.EF\BLL.EF.csproj", "{C2AFC79B-FAA3-462A-9671-9685B7423FFB}"
EndProject
Project("{FAE04EC0-301F-11D3-BF4B-00C04F79EFBC}") = "DTOs.EF", "DTOs.EF\DTOs.EF.csproj", "{00219BFB-8D7C-447A-A3C4-1487EB201B1A}"
EndProject
Global
	GlobalSection(SolutionConfigurationPlatforms) = preSolution
		Debug|Any CPU = Debug|Any CPU
		Debug|x64 = Debug|x64
		Release|Any CPU = Release|Any CPU
		Release|x64 = Release|x64
	EndGlobalSection
	GlobalSection(ProjectConfigurationPlatforms) = postSolution
		{650C4E63-6256-481D-934D-0019F3B3F331}.Debug|Any CPU.ActiveCfg = Debug|Any CPU
		{650C4E63-6256-481D-934D-0019F3B3F331}.Debug|Any CPU.Build.0 = Debug|Any CPU
		{650C4E63-6256-481D-934D-0019F3B3F331}.Debug|x64.ActiveCfg = Debug|x64
		{650C4E63-6256-481D-934D-0019F3B3F331}.Debug|x64.Build.0 = Debug|x64
		{650C4E63-6256-481D-934D-0019F3B3F331}.Release|Any CPU.ActiveCfg = Release|Any CPU
		{650C4E63-6256-481D-934D-0019F3B3F331}.Release|Any CPU.Build.0 = Release|Any CPU
		{650C4E63-6256-481D-934D-0019F3B3F331}.Release|x64.ActiveCfg = Release|x64
		{650C4E63-6256-481D-934D-0019F3B3F331}.Release|x64.Build.0 = Release|x64
		{96F4EC1D-4652-4989-870D-B2F494DBC7B6}.Debug|Any CPU.ActiveCfg = Debug|Any CPU
		{96F4EC1D-4652-4989-870D-B2F494DBC7B6}.Debug|Any CPU.Build.0 = Debug|Any CPU
		{96F4EC1D-4652-4989-870D-B2F494DBC7B6}.Debug|x64.ActiveCfg = Debug|x64
		{96F4EC1D-4652-4989-870D-B2F494DBC7B6}.Debug|x64.Build.0 = Debug|x64
		{96F4EC1D-4652-4989-870D-B2F494DBC7B6}.Release|Any CPU.ActiveCfg = Release|Any CPU
		{96F4EC1D-4652-4989-870D-B2F494DBC7B6}.Release|Any CPU.Build.0 = Release|Any CPU
		{96F4EC1D-4652-4989-870D-B2F494DBC7B6}.Release|x64.ActiveCfg = Release|x64
		{96F4EC1D-4652-4989-870D-B2F494DBC7B6}.Release|x64.Build.0 = Release|x64
		{8CDA8642-11BF-47CF-A88B-71626B5000BF}.Debug|Any CPU.ActiveCfg = Debug|Any CPU
		{8CDA8642-11BF-47CF-A88B-71626B5000BF}.Debug|Any CPU.Build.0 = Debug|Any CPU
		{8CDA8642-11BF-47CF-A88B-71626B5000BF}.Debug|x64.ActiveCfg = Debug|x64
		{8CDA8642-11BF-47CF-A88B-71626B5000BF}.Debug|x64.Build.0 = Debug|x64
		{8CDA8642-11BF-47CF-A88B-71626B5000BF}.Release|Any CPU.ActiveCfg = Release|Any CPU
		{8CDA8642-11BF-47CF-A88B-71626B5000BF}.Release|Any CPU.Build.0 = Release|Any CPU
		{8CDA8642-11BF-47CF-A88B-71626B5000BF}.Release|x64.ActiveCfg = Release|x64
		{8CDA8642-11BF-47CF-A88B-71626B5000BF}.Release|x64.Build.0 = Release|x64
		{E5EBFEB4-2FDD-4FC3-89E0-F826C64DCAF6}.Debug|Any CPU.ActiveCfg = Debug|Any CPU
		{E5EBFEB4-2FDD-4FC3-89E0-F826C64DCAF6}.Debug|Any CPU.Build.0 = Debug|Any CPU
		{E5EBFEB4-2FDD-4FC3-89E0-F826C64DCAF6}.Debug|x64.ActiveCfg = Debug|x64
		{E5EBFEB4-2FDD-4FC3-89E0-F826C64DCAF6}.Debug|x64.Build.0 = Debug|x64
		{E5EBFEB4-2FDD-4FC3-89E0-F826C64DCAF6}.Release|Any CPU.ActiveCfg = Release|Any CPU
		{E5EBFEB4-2FDD-4FC3-89E0-F826C64DCAF6}.Release|Any CPU.Build.0 = Release|Any CPU
		{E5EBFEB4-2FDD-4FC3-89E0-F826C64DCAF6}.Release|x64.ActiveCfg = Release|x64
		{E5EBFEB4-2FDD-4FC3-89E0-F826C64DCAF6}.Release|x64.Build.0 = Release|x64
		{A49E7AD8-57F2-427A-A8CF-C24EAB50D5FD}.Debug|Any CPU.ActiveCfg = Debug|Any CPU
		{A49E7AD8-57F2-427A-A8CF-C24EAB50D5FD}.Debug|Any CPU.Build.0 = Debug|Any CPU
		{A49E7AD8-57F2-427A-A8CF-C24EAB50D5FD}.Debug|x64.ActiveCfg = Debug|Any CPU
		{A49E7AD8-57F2-427A-A8CF-C24EAB50D5FD}.Debug|x64.Build.0 = Debug|Any CPU
		{A49E7AD8-57F2-427A-A8CF-C24EAB50D5FD}.Release|Any CPU.ActiveCfg = Release|Any CPU
		{A49E7AD8-57F2-427A-A8CF-C24EAB50D5FD}.Release|Any CPU.Build.0 = Release|Any CPU
		{A49E7AD8-57F2-427A-A8CF-C24EAB50D5FD}.Release|x64.ActiveCfg = Release|Any CPU
		{A49E7AD8-57F2-427A-A8CF-C24EAB50D5FD}.Release|x64.Build.0 = Release|Any CPU
		{FA850F4F-0723-4E47-9A32-936437CF3BC9}.Debug|Any CPU.ActiveCfg = Debug|Any CPU
		{FA850F4F-0723-4E47-9A32-936437CF3BC9}.Debug|Any CPU.Build.0 = Debug|Any CPU
		{FA850F4F-0723-4E47-9A32-936437CF3BC9}.Debug|x64.ActiveCfg = Debug|x64
		{FA850F4F-0723-4E47-9A32-936437CF3BC9}.Debug|x64.Build.0 = Debug|x64
		{FA850F4F-0723-4E47-9A32-936437CF3BC9}.Release|Any CPU.ActiveCfg = Release|Any CPU
		{FA850F4F-0723-4E47-9A32-936437CF3BC9}.Release|Any CPU.Build.0 = Release|Any CPU
		{FA850F4F-0723-4E47-9A32-936437CF3BC9}.Release|x64.ActiveCfg = Release|x64
		{FA850F4F-0723-4E47-9A32-936437CF3BC9}.Release|x64.Build.0 = Release|x64
		{6EA35351-2A27-492C-9EB6-8BCBBA32668C}.Debug|Any CPU.ActiveCfg = Debug|Any CPU
		{6EA35351-2A27-492C-9EB6-8BCBBA32668C}.Debug|Any CPU.Build.0 = Debug|Any CPU
		{6EA35351-2A27-492C-9EB6-8BCBBA32668C}.Debug|x64.ActiveCfg = Debug|Any CPU
		{6EA35351-2A27-492C-9EB6-8BCBBA32668C}.Debug|x64.Build.0 = Debug|Any CPU
		{6EA35351-2A27-492C-9EB6-8BCBBA32668C}.Release|Any CPU.ActiveCfg = Release|Any CPU
		{6EA35351-2A27-492C-9EB6-8BCBBA32668C}.Release|Any CPU.Build.0 = Release|Any CPU
		{6EA35351-2A27-492C-9EB6-8BCBBA32668C}.Release|x64.ActiveCfg = Release|Any CPU
		{6EA35351-2A27-492C-9EB6-8BCBBA32668C}.Release|x64.Build.0 = Release|Any CPU
		{C2AFC79B-FAA3-462A-9671-9685B7423FFB}.Debug|Any CPU.ActiveCfg = Debug|Any CPU
		{C2AFC79B-FAA3-462A-9671-9685B7423FFB}.Debug|Any CPU.Build.0 = Debug|Any CPU
		{C2AFC79B-FAA3-462A-9671-9685B7423FFB}.Debug|x64.ActiveCfg = Debug|Any CPU
		{C2AFC79B-FAA3-462A-9671-9685B7423FFB}.Debug|x64.Build.0 = Debug|Any CPU
		{C2AFC79B-FAA3-462A-9671-9685B7423FFB}.Release|Any CPU.ActiveCfg = Release|Any CPU
		{C2AFC79B-FAA3-462A-9671-9685B7423FFB}.Release|Any CPU.Build.0 = Release|Any CPU
		{C2AFC79B-FAA3-462A-9671-9685B7423FFB}.Release|x64.ActiveCfg = Release|Any CPU
		{C2AFC79B-FAA3-462A-9671-9685B7423FFB}.Release|x64.Build.0 = Release|Any CPU
		{00219BFB-8D7C-447A-A3C4-1487EB201B1A}.Debug|Any CPU.ActiveCfg = Debug|Any CPU
		{00219BFB-8D7C-447A-A3C4-1487EB201B1A}.Debug|Any CPU.Build.0 = Debug|Any CPU
		{00219BFB-8D7C-447A-A3C4-1487EB201B1A}.Debug|x64.ActiveCfg = Debug|Any CPU
		{00219BFB-8D7C-447A-A3C4-1487EB201B1A}.Debug|x64.Build.0 = Debug|Any CPU
		{00219BFB-8D7C-447A-A3C4-1487EB201B1A}.Release|Any CPU.ActiveCfg = Release|Any CPU
		{00219BFB-8D7C-447A-A3C4-1487EB201B1A}.Release|Any CPU.Build.0 = Release|Any CPU
		{00219BFB-8D7C-447A-A3C4-1487EB201B1A}.Release|x64.ActiveCfg = Release|Any CPU
		{00219BFB-8D7C-447A-A3C4-1487EB201B1A}.Release|x64.Build.0 = Release|Any CPU
	EndGlobalSection
	GlobalSection(SolutionProperties) = preSolution
		HideSolutionNode = FALSE
	EndGlobalSection
	GlobalSection(ExtensibilityGlobals) = postSolution
		SolutionGuid = {910429B6-DC90-4BB8-9C9A-63CAAC6445AC}
	EndGlobalSection
EndGlobal
